
Microsoft Visual Studio Solution File, Format Version 12.00
# Visual Studio Version 16
VisualStudioVersion = 16.0.32106.194
MinimumVisualStudioVersion = 10.0.40219.1
Project("{9A19103F-16F7-4668-BE54-9A1E7A4F7556}") = "ProjectManagement", "ProjectManagement\ProjectManagement.csproj", "{DFB8FB60-3A5B-4A9B-8634-F33D53272315}"
EndProject
Project("{9A19103F-16F7-4668-BE54-9A1E7A4F7556}") = "Epiroc.Data.Repository", "Epiroc.Data.Repository\Epiroc.Data.Repository.csproj", "{B856CB8C-96FE-4419-A447-79EA627B3811}"
EndProject
Project("{9A19103F-16F7-4668-BE54-9A1E7A4F7556}") = "Epiroc.Data.Entity", "Epiroc.Data.Entity\Epiroc.Data.Entity.csproj", "{640B75F2-7E02-410F-A62D-68C2AB4C71F8}"
EndProject
Project("{FAE04EC0-301F-11D3-BF4B-00C04F79EFBC}") = "TestProjectManagement", "TestProjectManagement\TestProjectManagement.csproj", "{83338C6E-500D-4F42-9EBF-D65D1757C025}"
EndProject
Global
	GlobalSection(SolutionConfigurationPlatforms) = preSolution
		Debug|Any CPU = Debug|Any CPU
		Release|Any CPU = Release|Any CPU
	EndGlobalSection
	GlobalSection(ProjectConfigurationPlatforms) = postSolution
		{DFB8FB60-3A5B-4A9B-8634-F33D53272315}.Debug|Any CPU.ActiveCfg = Debug|Any CPU
		{DFB8FB60-3A5B-4A9B-8634-F33D53272315}.Debug|Any CPU.Build.0 = Debug|Any CPU
		{DFB8FB60-3A5B-4A9B-8634-F33D53272315}.Release|Any CPU.ActiveCfg = Release|Any CPU
		{DFB8FB60-3A5B-4A9B-8634-F33D53272315}.Release|Any CPU.Build.0 = Release|Any CPU
		{B856CB8C-96FE-4419-A447-79EA627B3811}.Debug|Any CPU.ActiveCfg = Debug|Any CPU
		{B856CB8C-96FE-4419-A447-79EA627B3811}.Debug|Any CPU.Build.0 = Debug|Any CPU
		{B856CB8C-96FE-4419-A447-79EA627B3811}.Release|Any CPU.ActiveCfg = Release|Any CPU
		{B856CB8C-96FE-4419-A447-79EA627B3811}.Release|Any CPU.Build.0 = Release|Any CPU
		{640B75F2-7E02-410F-A62D-68C2AB4C71F8}.Debug|Any CPU.ActiveCfg = Debug|Any CPU
		{640B75F2-7E02-410F-A62D-68C2AB4C71F8}.Debug|Any CPU.Build.0 = Debug|Any CPU
		{640B75F2-7E02-410F-A62D-68C2AB4C71F8}.Release|Any CPU.ActiveCfg = Release|Any CPU
		{640B75F2-7E02-410F-A62D-68C2AB4C71F8}.Release|Any CPU.Build.0 = Release|Any CPU
		{83338C6E-500D-4F42-9EBF-D65D1757C025}.Debug|Any CPU.ActiveCfg = Debug|Any CPU
		{83338C6E-500D-4F42-9EBF-D65D1757C025}.Debug|Any CPU.Build.0 = Debug|Any CPU
		{83338C6E-500D-4F42-9EBF-D65D1757C025}.Release|Any CPU.ActiveCfg = Release|Any CPU
		{83338C6E-500D-4F42-9EBF-D65D1757C025}.Release|Any CPU.Build.0 = Release|Any CPU
	EndGlobalSection
	GlobalSection(SolutionProperties) = preSolution
		HideSolutionNode = FALSE
	EndGlobalSection
	GlobalSection(ExtensibilityGlobals) = postSolution
		SolutionGuid = {3E3E804F-A374-419D-89DC-51B0A2E9DF51}
	EndGlobalSection
EndGlobal
